lockfileVersion: 5.3

specifiers:
  '@types/node': ^17.0.18
  tun: ssh://git@abcssh.pwwhb.com:39802/tunframework/tun.git#v1.0.0

devDependencies:
  '@types/node': registry.npmmirror.com/@types/node/17.0.18
  tun: abcssh.pwwhb.com+39802/tunframework/tun/4ca24f7e36686b6e397fd10cd6ce4f131e63b7bc

packages:

  abcssh.pwwhb.com+39802/tunframework/tun/4ca24f7e36686b6e397fd10cd6ce4f131e63b7bc:
    resolution: {commit: 4ca24f7e36686b6e397fd10cd6ce4f131e63b7bc, repo: ssh://git@abcssh.pwwhb.com:39802/tunframework/tun.git, type: git}
    name: tun
    version: 1.0.0
    engines: {node: '>=12.2.0'}
    dev: true

  registry.npmmirror.com/@types/node/17.0.18:
    resolution: {integrity: sha512-eKj4f/BsN/qcculZiRSujogjvp5O/k4lOW5m35NopjZM/QwLOR075a8pJW5hD+Rtdm2DaCVPENS6KtSQnUD6BA==, registry: https://registry.npm.taobao.org/, tarball: https://registry.npmmirror.com/@types/node/-/node-17.0.18.tgz}
    name: '@types/node'
    version: 17.0.18
    dev: true
